dependencies:
  espressif/cmake_utilities:
    component_hash: 351350613ceafba240b761b4ea991e0f231ac7a9f59a9ee901f751bddc0bb18f
    source:
      service_url: https://api.components.espressif.com/
      type: service
    version: 0.5.3
  espressif/usb_stream:
    component_hash: 28afd6278e70943ed5051be4cbadb963f0d026148298d83370afaef58167e157
    source:
      service_url: https://api.components.espressif.com/
      type: service
    version: 1.4.0
  idf:
    component_hash: null
    source:
      type: idf
    version: 5.2.2
manifest_hash: eb3e0060f677ee1a929e7591b5f448aa218bdd7714da3ff05c61b5e3550fee6e
target: esp32s3
version: 1.0.0
